
Microsoft Visual Studio Solution File, Format Version 12.00
# Visual Studio Version 16
VisualStudioVersion = 16.0.30804.86
MinimumVisualStudioVersion = 10.0.40219.1
Project("{8BC9CEB8-8B4A-11D0-8D11-00A0C91BC942}") = "SpriteCutter", "SpriteCutter\SpriteCutter.vcxproj", "{BB3E3239-B88A-4BD8-9FAC-2B2A747D2B58}"
EndProject
Global
	GlobalSection(SolutionConfigurationPlatforms) = preSolution
		Debug|x64 = Debug|x64
		Debug|x86 = Debug|x86
		Release|x64 = Release|x64
		Release|x86 = Release|x86
	EndGlobalSection
	GlobalSection(ProjectConfigurationPlatforms) = postSolution
		{BB3E3239-B88A-4BD8-9FAC-2B2A747D2B58}.Debug|x64.ActiveCfg = Debug|x64
		{BB3E3239-B88A-4BD8-9FAC-2B2A747D2B58}.Debug|x64.Build.0 = Debug|x64
		{BB3E3239-B88A-4BD8-9FAC-2B2A747D2B58}.Debug|x86.ActiveCfg = Debug|Win32
		{BB3E3239-B88A-4BD8-9FAC-2B2A747D2B58}.Debug|x86.Build.0 = Debug|Win32
		{BB3E3239-B88A-4BD8-9FAC-2B2A747D2B58}.Release|x64.ActiveCfg = Release|x64
		{BB3E3239-B88A-4BD8-9FAC-2B2A747D2B58}.Release|x64.Build.0 = Release|x64
		{BB3E3239-B88A-4BD8-9FAC-2B2A747D2B58}.Release|x86.ActiveCfg = Release|Win32
		{BB3E3239-B88A-4BD8-9FAC-2B2A747D2B58}.Release|x86.Build.0 = Release|Win32
	EndGlobalSection
	GlobalSection(SolutionProperties) = preSolution
		HideSolutionNode = FALSE
	EndGlobalSection
	GlobalSection(ExtensibilityGlobals) = postSolution
		SolutionGuid = {A87F501F-D59C-4C60-B08E-D8797D9E17BC}
	EndGlobalSection
EndGlobal
